PODS:
  - FBSnapshotTestCase (2.1.4):
    - FBSnapshotTestCase/SwiftSupport (= 2.1.4)
  - FBSnapshotTestCase/Core (2.1.4)
  - FBSnapshotTestCase/SwiftSupport (2.1.4):
    - FBSnapshotTestCase/Core
  - TestLib (1.0.0):
    - TestLib/Model (= 1.0.0)
  - TestLib/Model (1.0.0)

DEPENDENCIES:
  - FBSnapshotTestCase
  - TestLib (from `../`)

SPEC REPOS:
  trunk:
    - FBSnapshotTestCase

EXTERNAL SOURCES:
  TestLib:
    :path: "../"

SPEC CHECKSUMS:
  FBSnapshotTestCase: 094f9f314decbabe373b87cc339bea235a63e07a
  TestLib: 74ff98fe6156f811ee5780bf53239fa4b2958d80

PODFILE CHECKSUM: 89aebdaa388b4bdae2801015fb49c55d56f8f3c0

COCOAPODS: 1.9.3
